
Microsoft Visual Studio Solution File, Format Version 12.00
# Visual Studio Version 17
VisualStudioVersion = 17.3.32929.385
MinimumVisualStudioVersion = 10.0.40219.1
Project("{FAE04EC0-301F-11D3-BF4B-00C04F79EFBC}") = "UsernamePassword", "UsernamePassword\UsernamePassword.csproj", "{EF3DC8E3-3966-4790-ADF0-BB276E6C1CB3}"
EndProject
Project("{FAE04EC0-301F-11D3-BF4B-00C04F79EFBC}") = "ClassLibrary1", "ClassLibrary1\ClassLibrary1.csproj", "{7F9BA371-BD50-45C4-AA6D-B4BF6FBA239D}"
EndProject
Global
	GlobalSection(SolutionConfigurationPlatforms) = preSolution
		Debug|Any CPU = Debug|Any CPU
		Release|Any CPU = Release|Any CPU
	EndGlobalSection
	GlobalSection(ProjectConfigurationPlatforms) = postSolution
		{EF3DC8E3-3966-4790-ADF0-BB276E6C1CB3}.Debug|Any CPU.ActiveCfg = Debug|Any CPU
		{EF3DC8E3-3966-4790-ADF0-BB276E6C1CB3}.Debug|Any CPU.Build.0 = Debug|Any CPU
		{EF3DC8E3-3966-4790-ADF0-BB276E6C1CB3}.Release|Any CPU.ActiveCfg = Release|Any CPU
		{EF3DC8E3-3966-4790-ADF0-BB276E6C1CB3}.Release|Any CPU.Build.0 = Release|Any CPU
		{7F9BA371-BD50-45C4-AA6D-B4BF6FBA239D}.Debug|Any CPU.ActiveCfg = Debug|Any CPU
		{7F9BA371-BD50-45C4-AA6D-B4BF6FBA239D}.Debug|Any CPU.Build.0 = Debug|Any CPU
		{7F9BA371-BD50-45C4-AA6D-B4BF6FBA239D}.Release|Any CPU.ActiveCfg = Release|Any CPU
		{7F9BA371-BD50-45C4-AA6D-B4BF6FBA239D}.Release|Any CPU.Build.0 = Release|Any CPU
	EndGlobalSection
	GlobalSection(SolutionProperties) = preSolution
		HideSolutionNode = FALSE
	EndGlobalSection
	GlobalSection(ExtensibilityGlobals) = postSolution
		SolutionGuid = {97772230-1DB3-461C-B962-1037EA7E0542}
	EndGlobalSection
EndGlobal
